github.com/go-telegram-bot-api/telegram-bot-api v1.0.0 h1:HXVtsZ+yINQeyyhPFAUU4yKmeN+iFhJ87jXZOC016gs=
github.com/go-telegram-bot-api/telegram-bot-api v4.6.4+incompatible h1:2cauKuaELYAEARXRkq2LrJ0yDDv1rW7+wrTEdVL3uaU=
github.com/go-telegram-bot-api/telegram-bot-api v4.6.4+incompatible/go.mod h1:qf9acutJ8cwBUhm1bqgz6Bei9/C/c93FPDljKWwsOgM=
github.com/otiai10/curr v0.0.0-20150429015615-9b4961190c95/go.mod h1:9qAhocn7zKJG+0mI8eUu6xqkFDYS2kb2saOteoSB3cE=
github.com/otiai10/curr v1.0.0/go.mod h1:LskTG5wDwr8Rs+nNQ+1LlxRjAtTZZjtJW4rMXl6j4vs=
github.com/otiai10/mint v1.3.0/go.mod h1:F5AjcsTsWUqX+Na9fpHb52P8pcRX2CI6A3ctIT91xUo=
github.com/otiai10/mint v1.4.1/go.mod h1:gifjb2MYOoULtKLqUAEILUG/9KONW6f7YsJ6vQLTlFI=
github.com/otiai10/openaigo v0.2.0 h1:v1GjwgEuKtCrYFR3ST/w1ZQMhi8WeHbkyOG2XHZEm+8=
github.com/otiai10/openaigo v0.2.0/go.mod h1:792bx6AWTS61weDi2EzKpHHnTF4eDMAlJ5GvAk/mgPg=
github.com/sashabaranov/go-gpt3 v0.0.0-20221216095610-1c20931ead68 h1:0g+W77usi8tTHViKpQQr7MHphLsI32zX8HtOeigDGKo=
github.com/sashabaranov/go-gpt3 v0.0.0-20221216095610-1c20931ead68/go.mod h1:BIZdbwdzxZbCrcKGMGH6u2eyGe1xFuX9Anmh3tCP8lQ=
github.com/technoweenie/multipartstreamer v1.0.1 h1:XRztA5MXiR1TIRHxH2uNxXxaIkKQDeX7m2XsSOlQEnM=
github.com/technoweenie/multipartstreamer v1.0.1/go.mod h1:jNVxdtShOxzAsukZwTSw6MDx5eUJoiEBsSvzDU9uzog=
